
Microsoft Visual Studio Solution File, Format Version 12.00
# Visual Studio Version 16
VisualStudioVersion = 16.0.32510.428
MinimumVisualStudioVersion = 10.0.40219.1
Project("{2150E333-8FDC-42A3-9474-1A3956D46DE8}") = "Chain of Responsibility", "Chain of Responsibility", "{50DBCC92-BFBC-4938-887F-B95101052BDF}"
EndProject
Project("{FAE04EC0-301F-11D3-BF4B-00C04F79EFBC}") = "Chain of Responsibility", "Chain of Responsibility\Chain of Responsibility\Chain of Responsibility.csproj", "{2A83CB2E-088E-4913-9FF1-D23BAE6D05A6}"
EndProject
Global
	GlobalSection(SolutionConfigurationPlatforms) = preSolution
		Debug|Any CPU = Debug|Any CPU
		Release|Any CPU = Release|Any CPU
	EndGlobalSection
	GlobalSection(ProjectConfigurationPlatforms) = postSolution
		{2A83CB2E-088E-4913-9FF1-D23BAE6D05A6}.Debug|Any CPU.ActiveCfg = Debug|Any CPU
		{2A83CB2E-088E-4913-9FF1-D23BAE6D05A6}.Debug|Any CPU.Build.0 = Debug|Any CPU
		{2A83CB2E-088E-4913-9FF1-D23BAE6D05A6}.Release|Any CPU.ActiveCfg = Release|Any CPU
		{2A83CB2E-088E-4913-9FF1-D23BAE6D05A6}.Release|Any CPU.Build.0 = Release|Any CPU
	EndGlobalSection
	GlobalSection(SolutionProperties) = preSolution
		HideSolutionNode = FALSE
	EndGlobalSection
	GlobalSection(NestedProjects) = preSolution
		{2A83CB2E-088E-4913-9FF1-D23BAE6D05A6} = {50DBCC92-BFBC-4938-887F-B95101052BDF}
	EndGlobalSection
	GlobalSection(ExtensibilityGlobals) = postSolution
		SolutionGuid = {53875D7E-0AC5-4A08-9A93-8CAD3B3E217E}
	EndGlobalSection
EndGlobal
