
Microsoft Visual Studio Solution File, Format Version 12.00
# Visual Studio Version 16
VisualStudioVersion = 16.0.32510.428
MinimumVisualStudioVersion = 10.0.40219.1
Project("{2150E333-8FDC-42A3-9474-1A3956D46DE8}") = "Repository", "Repository", "{4EA618CC-5BF7-40C7-A5E4-8E94A41167E3}"
EndProject
Project("{FAE04EC0-301F-11D3-BF4B-00C04F79EFBC}") = "Repository", "Repository\Repository\Repository.csproj", "{341D9B09-3599-4E11-91FC-6CC7B9150FD5}"
EndProject
Global
	GlobalSection(SolutionConfigurationPlatforms) = preSolution
		Debug|Any CPU = Debug|Any CPU
		Release|Any CPU = Release|Any CPU
	EndGlobalSection
	GlobalSection(ProjectConfigurationPlatforms) = postSolution
		{341D9B09-3599-4E11-91FC-6CC7B9150FD5}.Debug|Any CPU.ActiveCfg = Debug|Any CPU
		{341D9B09-3599-4E11-91FC-6CC7B9150FD5}.Debug|Any CPU.Build.0 = Debug|Any CPU
		{341D9B09-3599-4E11-91FC-6CC7B9150FD5}.Release|Any CPU.ActiveCfg = Release|Any CPU
		{341D9B09-3599-4E11-91FC-6CC7B9150FD5}.Release|Any CPU.Build.0 = Release|Any CPU
	EndGlobalSection
	GlobalSection(SolutionProperties) = preSolution
		HideSolutionNode = FALSE
	EndGlobalSection
	GlobalSection(NestedProjects) = preSolution
		{341D9B09-3599-4E11-91FC-6CC7B9150FD5} = {4EA618CC-5BF7-40C7-A5E4-8E94A41167E3}
	EndGlobalSection
	GlobalSection(ExtensibilityGlobals) = postSolution
		SolutionGuid = {53875D7E-0AC5-4A08-9A93-8CAD3B3E217E}
	EndGlobalSection
EndGlobal
